// !$*UTF8*$!
{
	archiveVersion = 1;
	classes = {
	};
	objectVersion = 50;
	objects = {

/* Begin PBXBuildFile section */
		6A4E1B082113226800D406E0 /* ProfileViewController.swift in Sources */ = {isa = PBXBuildFile; fileRef = 6A4E1B072113226800D406E0 /* ProfileViewController.swift */; };
		6A4F5E842105DF8A0080079D /* AppDelegate.swift in Sources */ = {isa = PBXBuildFile; fileRef = 6A4F5E832105DF8A0080079D /* AppDelegate.swift */; };
		6A4F5E862105DF8A0080079D /* TopStoriesViewController.swift in Sources */ = {isa = PBXBuildFile; fileRef = 6A4F5E852105DF8A0080079D /* TopStoriesViewController.swift */; };
		6A4F5E892105DF8A0080079D /* Main.storyboard in Resources */ = {isa = PBXBuildFile; fileRef = 6A4F5E872105DF8A0080079D /* Main.storyboard */; };
		6A4F5E8B2105DF910080079D /* Assets.xcassets in Resources */ = {isa = PBXBuildFile; fileRef = 6A4F5E8A2105DF910080079D /* Assets.xcassets */; };
		6A4F5E8E2105DF910080079D /* LaunchScreen.storyboard in Resources */ = {isa = PBXBuildFile; fileRef = 6A4F5E8C2105DF910080079D /* LaunchScreen.storyboard */; };
		6A4F5E9E2105E0D90080079D /* Json4Swift_Base.swift in Sources */ = {isa = PBXBuildFile; fileRef = 6A4F5E9B2105E0D90080079D /* Json4Swift_Base.swift */; };
		6A4F5E9F2105E0D90080079D /* Multimedia.swift in Sources */ = {isa = PBXBuildFile; fileRef = 6A4F5E9C2105E0D90080079D /* Multimedia.swift */; };
		6A4F5EA02105E0D90080079D /* Results.swift in Sources */ = {isa = PBXBuildFile; fileRef = 6A4F5E9D2105E0D90080079D /* Results.swift */; };
		6A4F5EA32105E1FD0080079D /* NetworkManager.swift in Sources */ = {isa = PBXBuildFile; fileRef = 6A4F5EA22105E1FD0080079D /* NetworkManager.swift */; };
		6A4F5EA72105EA6E0080079D /* TopStoriesTableViewCell.swift in Sources */ = {isa = PBXBuildFile; fileRef = 6A4F5EA52105EA6E0080079D /* TopStoriesTableViewCell.swift */; };
		6A4F5EA82105EA6E0080079D /* TopStoriesTableViewCell.xib in Resources */ = {isa = PBXBuildFile; fileRef = 6A4F5EA62105EA6E0080079D /* TopStoriesTableViewCell.xib */; };
		6A4F5EAB2105EC830080079D /* UIExtensions.swift in Sources */ = {isa = PBXBuildFile; fileRef = 6A4F5EAA2105EC830080079D /* UIExtensions.swift */; };
		6A4F5EAD2105EEF30080079D /* DetailNewsViewController.swift in Sources */ = {isa = PBXBuildFile; fileRef = 6A4F5EAC2105EEF30080079D /* DetailNewsViewController.swift */; };
		6A4F5EB1210601580080079D /* ViewModel.swift in Sources */ = {isa = PBXBuildFile; fileRef = 6A4F5EB0210601580080079D /* ViewModel.swift */; };
		6A53AA7A2107369A00A1B43A /* DetailNewsViewModel.swift in Sources */ = {isa = PBXBuildFile; fileRef = 6A53AA792107369A00A1B43A /* DetailNewsViewModel.swift */; };
		6A6E4F7B21147F37008975DF /* FullStoryViewController.swift in Sources */ = {isa = PBXBuildFile; fileRef = 6A6E4F7A21147F37008975DF /* FullStoryViewController.swift */; };
		99E4C9CAF8A06DBF95C345D0 /* Pods_MVVM_Assignment.framework in Frameworks */ = {isa = PBXBuildFile; fileRef = EBD37526E3CD964EC9A4D2DB /* Pods_MVVM_Assignment.framework */; };
/* End PBXBuildFile section */

/* Begin PBXFileReference section */
		6A41C4B021195D8E00835DC0 /* MVVM-Assignment copy-Info.plist */ = {isa = PBXFileReference; lastKnownFileType = text.plist.xml; name = "MVVM-Assignment copy-Info.plist"; path = "/Users/deepakkumar/Desktop/MVVM-Assignment/MVVM-Assignment copy-Info.plist"; sourceTree = "<absolute>"; };
		6A4E1B072113226800D406E0 /* ProfileViewController.swift */ = {isa = PBXFileReference; lastKnownFileType = sourcecode.swift; path = ProfileViewController.swift; sourceTree = "<group>"; };
		6A4F5E802105DF8A0080079D /* MVVM-Assignment.app */ = {isa = PBXFileReference; explicitFileType = wrapper.application; includeInIndex = 0; path = "MVVM-Assignment.app"; sourceTree = BUILT_PRODUCTS_DIR; };
		6A4F5E832105DF8A0080079D /* AppDelegate.swift */ = {isa = PBXFileReference; lastKnownFileType = sourcecode.swift; path = AppDelegate.swift; sourceTree = "<group>"; };
		6A4F5E852105DF8A0080079D /* TopStoriesViewController.swift */ = {isa = PBXFileReference; lastKnownFileType = sourcecode.swift; path = TopStoriesViewController.swift; sourceTree = "<group>"; };
		6A4F5E882105DF8A0080079D /* Base */ = {isa = PBXFileReference; lastKnownFileType = file.storyboard; name = Base; path = Base.lproj/Main.storyboard; sourceTree = "<group>"; };
		6A4F5E8A2105DF910080079D /* Assets.xcassets */ = {isa = PBXFileReference; lastKnownFileType = folder.assetcatalog; path = Assets.xcassets; sourceTree = "<group>"; };
		6A4F5E8D2105DF910080079D /* Base */ = {isa = PBXFileReference; lastKnownFileType = file.storyboard; name = Base; path = Base.lproj/LaunchScreen.storyboard; sourceTree = "<group>"; };
		6A4F5E8F2105DF910080079D /* Info.plist */ = {isa = PBXFileReference; lastKnownFileType = text.plist.xml; path = Info.plist; sourceTree = "<group>"; };
		6A4F5E9B2105E0D90080079D /* Json4Swift_Base.swift */ = {isa = PBXFileReference; fileEncoding = 4; lastKnownFileType = sourcecode.swift; path = Json4Swift_Base.swift; sourceTree = "<group>"; };
		6A4F5E9C2105E0D90080079D /* Multimedia.swift */ = {isa = PBXFileReference; fileEncoding = 4; lastKnownFileType = sourcecode.swift; path = Multimedia.swift; sourceTree = "<group>"; };
		6A4F5E9D2105E0D90080079D /* Results.swift */ = {isa = PBXFileReference; fileEncoding = 4; lastKnownFileType = sourcecode.swift; path = Results.swift; sourceTree = "<group>"; };
		6A4F5EA22105E1FD0080079D /* NetworkManager.swift */ = {isa = PBXFileReference; lastKnownFileType = sourcecode.swift; path = NetworkManager.swift; sourceTree = "<group>"; };
		6A4F5EA52105EA6E0080079D /* TopStoriesTableViewCell.swift */ = {isa = PBXFileReference; lastKnownFileType = sourcecode.swift; path = TopStoriesTableViewCell.swift; sourceTree = "<group>"; };
		6A4F5EA62105EA6E0080079D /* TopStoriesTableViewCell.xib */ = {isa = PBXFileReference; lastKnownFileType = file.xib; path = TopStoriesTableViewCell.xib; sourceTree = "<group>"; };
		6A4F5EAA2105EC830080079D /* UIExtensions.swift */ = {isa = PBXFileReference; lastKnownFileType = sourcecode.swift; path = UIExtensions.swift; sourceTree = "<group>"; };
		6A4F5EAC2105EEF30080079D /* DetailNewsViewController.swift */ = {isa = PBXFileReference; lastKnownFileType = sourcecode.swift; path = DetailNewsViewController.swift; sourceTree = "<group>"; };
		6A4F5EB0210601580080079D /* ViewModel.swift */ = {isa = PBXFileReference; lastKnownFileType = sourcecode.swift; path = ViewModel.swift; sourceTree = "<group>"; };
		6A53AA792107369A00A1B43A /* DetailNewsViewModel.swift */ = {isa = PBXFileReference; lastKnownFileType = sourcecode.swift; path = DetailNewsViewModel.swift; sourceTree = "<group>"; };
		6A6E4F7A21147F37008975DF /* FullStoryViewController.swift */ = {isa = PBXFileReference; lastKnownFileType = sourcecode.swift; path = FullStoryViewController.swift; sourceTree = "<group>"; };
		6FED49D3C1A66FFCD5F33150 /* Pods-MVVM-Assignment.release.xcconfig */ = {isa = PBXFileReference; includeInIndex = 1; lastKnownFileType = text.xcconfig; name = "Pods-MVVM-Assignment.release.xcconfig"; path = "Pods/Target Support Files/Pods-MVVM-Assignment/Pods-MVVM-Assignment.release.xcconfig"; sourceTree = "<group>"; };
		A9B7BD73C13E56149FE0D2D0 /* Pods-MVVM-Assignment.debug.xcconfig */ = {isa = PBXFileReference; includeInIndex = 1; lastKnownFileType = text.xcconfig; name = "Pods-MVVM-Assignment.debug.xcconfig"; path = "Pods/Target Support Files/Pods-MVVM-Assignment/Pods-MVVM-Assignment.debug.xcconfig"; sourceTree = "<group>"; };
		EBD37526E3CD964EC9A4D2DB /* Pods_MVVM_Assignment.framework */ = {isa = PBXFileReference; explicitFileType = wrapper.framework; includeInIndex = 0; path = Pods_MVVM_Assignment.framework; sourceTree = BUILT_PRODUCTS_DIR; };
/* End PBXFileReference section */

/* Begin PBXFrameworksBuildPhase section */
		6A4F5E7D2105DF8A0080079D /* Frameworks */ = {
			isa = PBXFrameworksBuildPhase;
			buildActionMask = 2147483647;
			files = (
				99E4C9CAF8A06DBF95C345D0 /* Pods_MVVM_Assignment.framework in Frameworks */,
			);
			runOnlyForDeploymentPostprocessing = 0;
		};
/* End PBXFrameworksBuildPhase section */

/* Begin PBXGroup section */
		3CA87593639EC4F63D9C810B /* Pods */ = {
			isa = PBXGroup;
			children = (
				A9B7BD73C13E56149FE0D2D0 /* Pods-MVVM-Assignment.debug.xcconfig */,
				6FED49D3C1A66FFCD5F33150 /* Pods-MVVM-Assignment.release.xcconfig */,
			);
			name = Pods;
			sourceTree = "<group>";
		};
		6A4F5E772105DF8A0080079D = {
			isa = PBXGroup;
			children = (
				6A4F5E822105DF8A0080079D /* MVVM-Assignment */,
				6A4F5E812105DF8A0080079D /* Products */,
				6A41C4B021195D8E00835DC0 /* MVVM-Assignment copy-Info.plist */,
				3CA87593639EC4F63D9C810B /* Pods */,
				AE29936373553316231AD817 /* Frameworks */,
			);
			sourceTree = "<group>";
		};
		6A4F5E812105DF8A0080079D /* Products */ = {
			isa = PBXGroup;
			children = (
				6A4F5E802105DF8A0080079D /* MVVM-Assignment.app */,
			);
			name = Products;
			sourceTree = "<group>";
		};
		6A4F5E822105DF8A0080079D /* MVVM-Assignment */ = {
			isa = PBXGroup;
			children = (
				6A4F5E832105DF8A0080079D /* AppDelegate.swift */,
				6A4F5E872105DF8A0080079D /* Main.storyboard */,
				6A4F5E8C2105DF910080079D /* LaunchScreen.storyboard */,
				6A4F5E8A2105DF910080079D /* Assets.xcassets */,
				6A4F5E982105E05D0080079D /* Model */,
				6A4F5E992105E0820080079D /* ViewModel */,
				6A4F5E9A2105E0860080079D /* Controllers */,
				6A4F5EA12105E1DE0080079D /* NetworkManager */,
				6A4F5EA42105EA1A0080079D /* TableViewCells */,
				6A4F5EA92105EC520080079D /* Extensions */,
				6A4F5E8F2105DF910080079D /* Info.plist */,
			);
			path = "MVVM-Assignment";
			sourceTree = "<group>";
		};
		6A4F5E982105E05D0080079D /* Model */ = {
			isa = PBXGroup;
			children = (
				6A4F5E9B2105E0D90080079D /* Json4Swift_Base.swift */,
				6A4F5E9C2105E0D90080079D /* Multimedia.swift */,
				6A4F5E9D2105E0D90080079D /* Results.swift */,
			);
			path = Model;
			sourceTree = "<group>";
		};
		6A4F5E992105E0820080079D /* ViewModel */ = {
			isa = PBXGroup;
			children = (
				6A4F5EB0210601580080079D /* ViewModel.swift */,
				6A53AA792107369A00A1B43A /* DetailNewsViewModel.swift */,
			);
			path = ViewModel;
			sourceTree = "<group>";
		};
		6A4F5E9A2105E0860080079D /* Controllers */ = {
			isa = PBXGroup;
			children = (
				6A4F5E852105DF8A0080079D /* TopStoriesViewController.swift */,
				6A4F5EAC2105EEF30080079D /* DetailNewsViewController.swift */,
				6A4E1B072113226800D406E0 /* ProfileViewController.swift */,
				6A6E4F7A21147F37008975DF /* FullStoryViewController.swift */,
			);
			path = Controllers;
			sourceTree = "<group>";
		};
		6A4F5EA12105E1DE0080079D /* NetworkManager */ = {
			isa = PBXGroup;
			children = (
				6A4F5EA22105E1FD0080079D /* NetworkManager.swift */,
			);
			path = NetworkManager;
			sourceTree = "<group>";
		};
		6A4F5EA42105EA1A0080079D /* TableViewCells */ = {
			isa = PBXGroup;
			children = (
				6A4F5EA52105EA6E0080079D /* TopStoriesTableViewCell.swift */,
				6A4F5EA62105EA6E0080079D /* TopStoriesTableViewCell.xib */,
			);
			path = TableViewCells;
			sourceTree = "<group>";
		};
		6A4F5EA92105EC520080079D /* Extensions */ = {
			isa = PBXGroup;
			children = (
				6A4F5EAA2105EC830080079D /* UIExtensions.swift */,
			);
			path = Extensions;
			sourceTree = "<group>";
		};
		AE29936373553316231AD817 /* Frameworks */ = {
			isa = PBXGroup;
			children = (
				EBD37526E3CD964EC9A4D2DB /* Pods_MVVM_Assignment.framework */,
			);
			name = Frameworks;
			sourceTree = "<group>";
		};
/* End PBXGroup section */

/* Begin PBXNativeTarget section */
		6A4F5E7F2105DF8A0080079D /* MVVM-Assignment */ = {
			isa = PBXNativeTarget;
			buildConfigurationList = 6A4F5E922105DF910080079D /* Build configuration list for PBXNativeTarget "MVVM-Assignment" */;
			buildPhases = (
				9CF1541C010B5DCAD7BB87C9 /* [CP] Check Pods Manifest.lock */,
				6A4F5E7C2105DF8A0080079D /* Sources */,
				6A4F5E7D2105DF8A0080079D /* Frameworks */,
				6A4F5E7E2105DF8A0080079D /* Resources */,
				E57031CDA8147E6644F59049 /* [CP] Embed Pods Frameworks */,
			);
			buildRules = (
			);
			dependencies = (
			);
			name = "MVVM-Assignment";
			productName = "MVVM-Assignment";
			productReference = 6A4F5E802105DF8A0080079D /* MVVM-Assignment.app */;
			productType = "com.apple.product-type.application";
		};
/* End PBXNativeTarget section */

/* Begin PBXProject section */
		6A4F5E782105DF8A0080079D /* Project object */ = {
			isa = PBXProject;
			attributes = {
				LastSwiftUpdateCheck = 0940;
				LastUpgradeCheck = 0940;
				ORGANIZATIONNAME = "Deepak Kumar";
				TargetAttributes = {
					6A4F5E7F2105DF8A0080079D = {
						CreatedOnToolsVersion = 9.4.1;
					};
				};
			};
			buildConfigurationList = 6A4F5E7B2105DF8A0080079D /* Build configuration list for PBXProject "MVVM-Assignment" */;
			compatibilityVersion = "Xcode 9.3";
			developmentRegion = en;
			hasScannedForEncodings = 0;
			knownRegions = (
				en,
				Base,
			);
			mainGroup = 6A4F5E772105DF8A0080079D;
			productRefGroup = 6A4F5E812105DF8A0080079D /* Products */;
			projectDirPath = "";
			projectRoot = "";
			targets = (
				6A4F5E7F2105DF8A0080079D /* MVVM-Assignment */,
			);
		};
/* End PBXProject section */

/* Begin PBXResourcesBuildPhase section */
		6A4F5E7E2105DF8A0080079D /* Resources */ = {
			isa = PBXResourcesBuildPhase;
			buildActionMask = 2147483647;
			files = (
				6A4F5E8E2105DF910080079D /* LaunchScreen.storyboard in Resources */,
				6A4F5E8B2105DF910080079D /* Assets.xcassets in Resources */,
				6A4F5EA82105EA6E0080079D /* TopStoriesTableViewCell.xib in Resources */,
				6A4F5E892105DF8A0080079D /* Main.storyboard in Resources */,
			);
			runOnlyForDeploymentPostprocessing = 0;
		};
/* End PBXResourcesBuildPhase section */

/* Begin PBXShellScriptBuildPhase section */
		9CF1541C010B5DCAD7BB87C9 /* [CP] Check Pods Manifest.lock */ = {
			isa = PBXShellScriptBuildPhase;
			buildActionMask = 2147483647;
			files = (
			);
			inputPaths = (
				"${PODS_PODFILE_DIR_PATH}/Podfile.lock",
				"${PODS_ROOT}/Manifest.lock",
			);
			name = "[CP] Check Pods Manifest.lock";
			outputPaths = (
				"$(DERIVED_FILE_DIR)/Pods-MVVM-Assignment-checkManifestLockResult.txt",
			);
			runOnlyForDeploymentPostprocessing = 0;
			shellPath = /bin/sh;
			shellScript = "diff \"${PODS_PODFILE_DIR_PATH}/Podfile.lock\" \"${PODS_ROOT}/Manifest.lock\" > /dev/null\nif [ $? != 0 ] ; then\n    # print error to STDERR\n    echo \"error: The sandbox is not in sync with the Podfile.lock. Run 'pod install' or update your CocoaPods installation.\" >&2\n    exit 1\nfi\n# This output is used by Xcode 'outputs' to avoid re-running this script phase.\necho \"SUCCESS\" > \"${SCRIPT_OUTPUT_FILE_0}\"\n";
			showEnvVarsInLog = 0;
		};
		E57031CDA8147E6644F59049 /* [CP] Embed Pods Frameworks */ = {
			isa = PBXShellScriptBuildPhase;
			buildActionMask = 2147483647;
			files = (
			);
			inputPaths = (
				"${SRCROOT}/Pods/Target Support Files/Pods-MVVM-Assignment/Pods-MVVM-Assignment-frameworks.sh",
				"${BUILT_PRODUCTS_DIR}/Kingfisher/Kingfisher.framework",
			);
			name = "[CP] Embed Pods Frameworks";
			outputPaths = (
				"${TARGET_BUILD_DIR}/${FRAMEWORKS_FOLDER_PATH}/Kingfisher.framework",
			);
			runOnlyForDeploymentPostprocessing = 0;
			shellPath = /bin/sh;
			shellScript = "\"${SRCROOT}/Pods/Target Support Files/Pods-MVVM-Assignment/Pods-MVVM-Assignment-frameworks.sh\"\n";
			showEnvVarsInLog = 0;
		};
/* End PBXShellScriptBuildPhase section */

/* Begin PBXSourcesBuildPhase section */
		6A4F5E7C2105DF8A0080079D /* Sources */ = {
			isa = PBXSourcesBuildPhase;
			buildActionMask = 2147483647;
			files = (
				6A4F5EB1210601580080079D /* ViewModel.swift in Sources */,
				6A4F5EA32105E1FD0080079D /* NetworkManager.swift in Sources */,
				6A4F5EAD2105EEF30080079D /* DetailNewsViewController.swift in Sources */,
				6A4F5E862105DF8A0080079D /* TopStoriesViewController.swift in Sources */,
				6A53AA7A2107369A00A1B43A /* DetailNewsViewModel.swift in Sources */,
				6A4F5E842105DF8A0080079D /* AppDelegate.swift in Sources */,
				6A4E1B082113226800D406E0 /* ProfileViewController.swift in Sources */,
				6A4F5EAB2105EC830080079D /* UIExtensions.swift in Sources */,
				6A6E4F7B21147F37008975DF /* FullStoryViewController.swift in Sources */,
				6A4F5E9F2105E0D90080079D /* Multimedia.swift in Sources */,
				6A4F5E9E2105E0D90080079D /* Json4Swift_Base.swift in Sources */,
				6A4F5EA02105E0D90080079D /* Results.swift in Sources */,
				6A4F5EA72105EA6E0080079D /* TopStoriesTableViewCell.swift in Sources */,
			);
			runOnlyForDeploymentPostprocessing = 0;
		};
/* End PBXSourcesBuildPhase section */

/* Begin PBXVariantGroup section */
		6A4F5E872105DF8A0080079D /* Main.storyboard */ = {
			isa = PBXVariantGroup;
			children = (
				6A4F5E882105DF8A0080079D /* Base */,
			);
			name = Main.storyboard;
			sourceTree = "<group>";
		};
		6A4F5E8C2105DF910080079D /* LaunchScreen.storyboard */ = {
			isa = PBXVariantGroup;
			children = (
				6A4F5E8D2105DF910080079D /* Base */,
			);
			name = LaunchScreen.storyboard;
			sourceTree = "<group>";
		};
/* End PBXVariantGroup section */

/* Begin XCBuildConfiguration section */
		6A4F5E902105DF910080079D /* Debug */ = {
			isa = XCBuildConfiguration;
			buildSettings = {
				ALWAYS_SEARCH_USER_PATHS = NO;
				CLANG_ANALYZER_NONNULL = YES;
				CLANG_ANALYZER_NUMBER_OBJECT_CONVERSION = YES_AGGRESSIVE;
				CLANG_CXX_LANGUAGE_STANDARD = "gnu++14";
				CLANG_CXX_LIBRARY = "libc++";
				CLANG_ENABLE_MODULES = YES;
				CLANG_ENABLE_OBJC_ARC = YES;
				CLANG_ENABLE_OBJC_WEAK = YES;
				CLANG_WARN_BLOCK_CAPTURE_AUTORELEASING = YES;
				CLANG_WARN_BOOL_CONVERSION = YES;
				CLANG_WARN_COMMA = YES;
				CLANG_WARN_CONSTANT_CONVERSION = YES;
				CLANG_WARN_DEPRECATED_OBJC_IMPLEMENTATIONS = YES;
				CLANG_WARN_DIRECT_OBJC_ISA_USAGE = YES_ERROR;
				CLANG_WARN_DOCUMENTATION_COMMENTS = YES;
				CLANG_WARN_EMPTY_BODY = YES;
				CLANG_WARN_ENUM_CONVERSION = YES;
				CLANG_WARN_INFINITE_RECURSION = YES;
				CLANG_WARN_INT_CONVERSION = YES;
				CLANG_WARN_NON_LITERAL_NULL_CONVERSION = YES;
				CLANG_WARN_OBJC_IMPLICIT_RETAIN_SELF = YES;
				CLANG_WARN_OBJC_LITERAL_CONVERSION = YES;
				CLANG_WARN_OBJC_ROOT_CLASS = YES_ERROR;
				CLANG_WARN_RANGE_LOOP_ANALYSIS = YES;
				CLANG_WARN_STRICT_PROTOTYPES = YES;
				CLANG_WARN_SUSPICIOUS_MOVE = YES;
				CLANG_WARN_UNGUARDED_AVAILABILITY = YES_AGGRESSIVE;
				CLANG_WARN_UNREACHABLE_CODE = YES;
				CLANG_WARN__DUPLICATE_METHOD_MATCH = YES;
				CODE_SIGN_IDENTITY = "iPhone Developer";
				COPY_PHASE_STRIP = NO;
				DEBUG_INFORMATION_FORMAT = dwarf;
				ENABLE_STRICT_OBJC_MSGSEND = YES;
				ENABLE_TESTABILITY = YES;
				GCC_C_LANGUAGE_STANDARD = gnu11;
				GCC_DYNAMIC_NO_PIC = NO;
				GCC_NO_COMMON_BLOCKS = YES;
				GCC_OPTIMIZATION_LEVEL = 0;
				GCC_PREPROCESSOR_DEFINITIONS = (
					"DEBUG=1",
					"$(inherited)",
				);
				GCC_WARN_64_TO_32_BIT_CONVERSION = YES;
				GCC_WARN_ABOUT_RETURN_TYPE = YES_ERROR;
				GCC_WARN_UNDECLARED_SELECTOR = YES;
				GCC_WARN_UNINITIALIZED_AUTOS = YES_AGGRESSIVE;
				GCC_WARN_UNUSED_FUNCTION = YES;
				GCC_WARN_UNUSED_VARIABLE = YES;
				IPHONEOS_DEPLOYMENT_TARGET = 11.4;
				MTL_ENABLE_DEBUG_INFO = YES;
				ONLY_ACTIVE_ARCH = YES;
				SDKROOT = iphoneos;
				SWIFT_ACTIVE_COMPILATION_CONDITIONS = DEBUG;
				SWIFT_OPTIMIZATION_LEVEL = "-Onone";
			};
			name = Debug;
		};
		6A4F5E912105DF910080079D /* Release */ = {
			isa = XCBuildConfiguration;
			buildSettings = {
				ALWAYS_SEARCH_USER_PATHS = NO;
				CLANG_ANALYZER_NONNULL = YES;
				CLANG_ANALYZER_NUMBER_OBJECT_CONVERSION = YES_AGGRESSIVE;
				CLANG_CXX_LANGUAGE_STANDARD = "gnu++14";
				CLANG_CXX_LIBRARY = "libc++";
				CLANG_ENABLE_MODULES = YES;
				CLANG_ENABLE_OBJC_ARC = YES;
				CLANG_ENABLE_OBJC_WEAK = YES;
				CLANG_WARN_BLOCK_CAPTURE_AUTORELEASING = YES;
				CLANG_WARN_BOOL_CONVERSION = YES;
				CLANG_WARN_COMMA = YES;
				CLANG_WARN_CONSTANT_CONVERSION = YES;
				CLANG_WARN_DEPRECATED_OBJC_IMPLEMENTATIONS = YES;
				CLANG_WARN_DIRECT_OBJC_ISA_USAGE = YES_ERROR;
				CLANG_WARN_DOCUMENTATION_COMMENTS = YES;
				CLANG_WARN_EMPTY_BODY = YES;
				CLANG_WARN_ENUM_CONVERSION = YES;
				CLANG_WARN_INFINITE_RECURSION = YES;
				CLANG_WARN_INT_CONVERSION = YES;
				CLANG_WARN_NON_LITERAL_NULL_CONVERSION = YES;
				CLANG_WARN_OBJC_IMPLICIT_RETAIN_SELF = YES;
				CLANG_WARN_OBJC_LITERAL_CONVERSION = YES;
				CLANG_WARN_OBJC_ROOT_CLASS = YES_ERROR;
				CLANG_WARN_RANGE_LOOP_ANALYSIS = YES;
				CLANG_WARN_STRICT_PROTOTYPES = YES;
				CLANG_WARN_SUSPICIOUS_MOVE = YES;
				CLANG_WARN_UNGUARDED_AVAILABILITY = YES_AGGRESSIVE;
				CLANG_WARN_UNREACHABLE_CODE = YES;
				CLANG_WARN__DUPLICATE_METHOD_MATCH = YES;
				CODE_SIGN_IDENTITY = "iPhone Developer";
				COPY_PHASE_STRIP = NO;
				DEBUG_INFORMATION_FORMAT = "dwarf-with-dsym";
				ENABLE_NS_ASSERTIONS = NO;
				ENABLE_STRICT_OBJC_MSGSEND = YES;
				GCC_C_LANGUAGE_STANDARD = gnu11;
				GCC_NO_COMMON_BLOCKS = YES;
				GCC_WARN_64_TO_32_BIT_CONVERSION = YES;
				GCC_WARN_ABOUT_RETURN_TYPE = YES_ERROR;
				GCC_WARN_UNDECLARED_SELECTOR = YES;
				GCC_WARN_UNINITIALIZED_AUTOS = YES_AGGRESSIVE;
				GCC_WARN_UNUSED_FUNCTION = YES;
				GCC_WARN_UNUSED_VARIABLE = YES;
				IPHONEOS_DEPLOYMENT_TARGET = 11.4;
				MTL_ENABLE_DEBUG_INFO = NO;
				SDKROOT = iphoneos;
				SWIFT_COMPILATION_MODE = wholemodule;
				SWIFT_OPTIMIZATION_LEVEL = "-O";
				VALIDATE_PRODUCT = YES;
			};
			name = Release;
		};
		6A4F5E932105DF910080079D /* Debug */ = {
			isa = XCBuildConfiguration;
			baseConfigurationReference = A9B7BD73C13E56149FE0D2D0 /* Pods-MVVM-Assignment.debug.xcconfig */;
			buildSettings = {
				ASSETCATALOG_COMPILER_APPICON_NAME = AppIcon;
				CODE_SIGN_STYLE = Automatic;
				INFOPLIST_FILE = "MVVM-Assignment/Info.plist";
				LD_RUNPATH_SEARCH_PATHS = (
					"$(inherited)",
					"@executable_path/Frameworks",
				);
				PRODUCT_BUNDLE_IDENTIFIER = "com.techaheadcorp.MVVM-Assignment";
				PRODUCT_NAME = "$(TARGET_NAME)";
				SWIFT_VERSION = 4.0;
				TARGETED_DEVICE_FAMILY = "1,2";
			};
			name = Debug;
		};
		6A4F5E942105DF910080079D /* Release */ = {
			isa = XCBuildConfiguration;
			baseConfigurationReference = 6FED49D3C1A66FFCD5F33150 /* Pods-MVVM-Assignment.release.xcconfig */;
			buildSettings = {
				ASSETCATALOG_COMPILER_APPICON_NAME = AppIcon;
				CODE_SIGN_STYLE = Automatic;
				INFOPLIST_FILE = "MVVM-Assignment/Info.plist";
				LD_RUNPATH_SEARCH_PATHS = (
					"$(inherited)",
					"@executable_path/Frameworks",
				);
				PRODUCT_BUNDLE_IDENTIFIER = "com.techaheadcorp.MVVM-Assignment";
				PRODUCT_NAME = "$(TARGET_NAME)";
				SWIFT_VERSION = 4.0;
				TARGETED_DEVICE_FAMILY = "1,2";
			};
			name = Release;
		};
/* End XCBuildConfiguration section */

/* Begin XCConfigurationList section */
		6A4F5E7B2105DF8A0080079D /* Build configuration list for PBXProject "MVVM-Assignment" */ = {
			isa = XCConfigurationList;
			buildConfigurations = (
				6A4F5E902105DF910080079D /* Debug */,
				6A4F5E912105DF910080079D /* Release */,
			);
			defaultConfigurationIsVisible = 0;
			defaultConfigurationName = Release;
		};
		6A4F5E922105DF910080079D /* Build configuration list for PBXNativeTarget "MVVM-Assignment" */ = {
			isa = XCConfigurationList;
			buildConfigurations = (
				6A4F5E932105DF910080079D /* Debug */,
				6A4F5E942105DF910080079D /* Release */,
			);
			defaultConfigurationIsVisible = 0;
			defaultConfigurationName = Release;
		};
/* End XCConfigurationList section */
	};
	rootObject = 6A4F5E782105DF8A0080079D /* Project object */;
}
